
Microsoft Visual Studio Solution File, Format Version 12.00
# Visual Studio Version 17
VisualStudioVersion = 17.0.31903.59
MinimumVisualStudioVersion = 10.0.40219.1
Project("{2150E333-8FDC-42A3-9474-1A3956D46DE8}") = "src", "src", "{827E0CD3-B72D-47B6-A68D-7590B98EB39B}"
EndProject
Project("{FAE04EC0-301F-11D3-BF4B-00C04F79EFBC}") = "AiIncidentResponseAgent.Api", "src\AiIncidentResponseAgent.Api\AiIncidentResponseAgent.Api.csproj", "{8DADCB86-6F39-4967-A112-75A2AB7A5AD1}"
EndProject
Project("{FAE04EC0-301F-11D3-BF4B-00C04F79EFBC}") = "AiIncidentResponseAgent.Application", "src\AiIncidentResponseAgent.Application\AiIncidentResponseAgent.Application.csproj", "{FEC92F0C-A48E-4E4B-9DBB-67D7AED859B3}"
EndProject
Project("{FAE04EC0-301F-11D3-BF4B-00C04F79EFBC}") = "AiIncidentResponseAgent.Domain", "src\AiIncidentResponseAgent.Domain\AiIncidentResponseAgent.Domain.csproj", "{840F7AFC-92DC-421F-A447-F5B9292DB9EA}"
EndProject
Project("{FAE04EC0-301F-11D3-BF4B-00C04F79EFBC}") = "AiIncidentResponseAgent.Infrastructure", "src\AiIncidentResponseAgent.Infrastructure\AiIncidentResponseAgent.Infrastructure.csproj", "{8AA82185-7074-4079-91CB-058FDD2E63A2}"
EndProject
Project("{FAE04EC0-301F-11D3-BF4B-00C04F79EFBC}") = "AiIncidentResponseAgent.Contracts", "src\AiIncidentResponseAgent.Contracts\AiIncidentResponseAgent.Contracts.csproj", "{45B32864-B3E8-442F-9654-957AD5713EB6}"
EndProject
Project("{FAE04EC0-301F-11D3-BF4B-00C04F79EFBC}") = "AiIncidentResponseAgent.Worker", "src\AiIncidentResponseAgent.Worker\AiIncidentResponseAgent.Worker.csproj", "{25A1B344-3319-40CF-B23C-C70A86352AA8}"
EndProject
Project("{2150E333-8FDC-42A3-9474-1A3956D46DE8}") = "tests", "tests", "{0AB3BF05-4346-4AA6-1389-037BE0695223}"
EndProject
Project("{FAE04EC0-301F-11D3-BF4B-00C04F79EFBC}") = "AiIncidentResponseAgent.UnitTests", "tests\AiIncidentResponseAgent.UnitTests\AiIncidentResponseAgent.UnitTests.csproj", "{1EA10DF7-4724-4664-8C15-BF4EF379FAEE}"
EndProject
Project("{FAE04EC0-301F-11D3-BF4B-00C04F79EFBC}") = "AiIncidentResponseAgent.IntegrationTests", "tests\AiIncidentResponseAgent.IntegrationTests\AiIncidentResponseAgent.IntegrationTests.csproj", "{B102E3D4-EF61-4AC8-97B9-BF97A485E829}"
EndProject
Project("{FAE04EC0-301F-11D3-BF4B-00C04F79EFBC}") = "AiIncidentResponseAgent.InfrastructureTests", "tests\AiIncidentResponseAgent.InfrastructureTests\AiIncidentResponseAgent.InfrastructureTests.csproj", "{0B6B6A51-D2F5-479E-A50B-B864CD4D14EE}"
EndProject
Global
	GlobalSection(SolutionConfigurationPlatforms) = preSolution
		Debug|Any CPU = Debug|Any CPU
		Debug|x64 = Debug|x64
		Debug|x86 = Debug|x86
		Release|Any CPU = Release|Any CPU
		Release|x64 = Release|x64
		Release|x86 = Release|x86
	EndGlobalSection
	GlobalSection(ProjectConfigurationPlatforms) = postSolution
		{8DADCB86-6F39-4967-A112-75A2AB7A5AD1}.Debug|Any CPU.ActiveCfg = Debug|Any CPU
		{8DADCB86-6F39-4967-A112-75A2AB7A5AD1}.Debug|Any CPU.Build.0 = Debug|Any CPU
		{8DADCB86-6F39-4967-A112-75A2AB7A5AD1}.Debug|x64.ActiveCfg = Debug|Any CPU
		{8DADCB86-6F39-4967-A112-75A2AB7A5AD1}.Debug|x64.Build.0 = Debug|Any CPU
		{8DADCB86-6F39-4967-A112-75A2AB7A5AD1}.Debug|x86.ActiveCfg = Debug|Any CPU
		{8DADCB86-6F39-4967-A112-75A2AB7A5AD1}.Debug|x86.Build.0 = Debug|Any CPU
		{8DADCB86-6F39-4967-A112-75A2AB7A5AD1}.Release|Any CPU.ActiveCfg = Release|Any CPU
		{8DADCB86-6F39-4967-A112-75A2AB7A5AD1}.Release|Any CPU.Build.0 = Release|Any CPU
		{8DADCB86-6F39-4967-A112-75A2AB7A5AD1}.Release|x64.ActiveCfg = Release|Any CPU
		{8DADCB86-6F39-4967-A112-75A2AB7A5AD1}.Release|x64.Build.0 = Release|Any CPU
		{8DADCB86-6F39-4967-A112-75A2AB7A5AD1}.Release|x86.ActiveCfg = Release|Any CPU
		{8DADCB86-6F39-4967-A112-75A2AB7A5AD1}.Release|x86.Build.0 = Release|Any CPU
		{FEC92F0C-A48E-4E4B-9DBB-67D7AED859B3}.Debug|Any CPU.ActiveCfg = Debug|Any CPU
		{FEC92F0C-A48E-4E4B-9DBB-67D7AED859B3}.Debug|Any CPU.Build.0 = Debug|Any CPU
		{FEC92F0C-A48E-4E4B-9DBB-67D7AED859B3}.Debug|x64.ActiveCfg = Debug|Any CPU
		{FEC92F0C-A48E-4E4B-9DBB-67D7AED859B3}.Debug|x64.Build.0 = Debug|Any CPU
		{FEC92F0C-A48E-4E4B-9DBB-67D7AED859B3}.Debug|x86.ActiveCfg = Debug|Any CPU
		{FEC92F0C-A48E-4E4B-9DBB-67D7AED859B3}.Debug|x86.Build.0 = Debug|Any CPU
		{FEC92F0C-A48E-4E4B-9DBB-67D7AED859B3}.Release|Any CPU.ActiveCfg = Release|Any CPU
		{FEC92F0C-A48E-4E4B-9DBB-67D7AED859B3}.Release|Any CPU.Build.0 = Release|Any CPU
		{FEC92F0C-A48E-4E4B-9DBB-67D7AED859B3}.Release|x64.ActiveCfg = Release|Any CPU
		{FEC92F0C-A48E-4E4B-9DBB-67D7AED859B3}.Release|x64.Build.0 = Release|Any CPU
		{FEC92F0C-A48E-4E4B-9DBB-67D7AED859B3}.Release|x86.ActiveCfg = Release|Any CPU
		{FEC92F0C-A48E-4E4B-9DBB-67D7AED859B3}.Release|x86.Build.0 = Release|Any CPU
		{840F7AFC-92DC-421F-A447-F5B9292DB9EA}.Debug|Any CPU.ActiveCfg = Debug|Any CPU
		{840F7AFC-92DC-421F-A447-F5B9292DB9EA}.Debug|Any CPU.Build.0 = Debug|Any CPU
		{840F7AFC-92DC-421F-A447-F5B9292DB9EA}.Debug|x64.ActiveCfg = Debug|Any CPU
		{840F7AFC-92DC-421F-A447-F5B9292DB9EA}.Debug|x64.Build.0 = Debug|Any CPU
		{840F7AFC-92DC-421F-A447-F5B9292DB9EA}.Debug|x86.ActiveCfg = Debug|Any CPU
		{840F7AFC-92DC-421F-A447-F5B9292DB9EA}.Debug|x86.Build.0 = Debug|Any CPU
		{840F7AFC-92DC-421F-A447-F5B9292DB9EA}.Release|Any CPU.ActiveCfg = Release|Any CPU
		{840F7AFC-92DC-421F-A447-F5B9292DB9EA}.Release|Any CPU.Build.0 = Release|Any CPU
		{840F7AFC-92DC-421F-A447-F5B9292DB9EA}.Release|x64.ActiveCfg = Release|Any CPU
		{840F7AFC-92DC-421F-A447-F5B9292DB9EA}.Release|x64.Build.0 = Release|Any CPU
		{840F7AFC-92DC-421F-A447-F5B9292DB9EA}.Release|x86.ActiveCfg = Release|Any CPU
		{840F7AFC-92DC-421F-A447-F5B9292DB9EA}.Release|x86.Build.0 = Release|Any CPU
		{8AA82185-7074-4079-91CB-058FDD2E63A2}.Debug|Any CPU.ActiveCfg = Debug|Any CPU
		{8AA82185-7074-4079-91CB-058FDD2E63A2}.Debug|Any CPU.Build.0 = Debug|Any CPU
		{8AA82185-7074-4079-91CB-058FDD2E63A2}.Debug|x64.ActiveCfg = Debug|Any CPU
		{8AA82185-7074-4079-91CB-058FDD2E63A2}.Debug|x64.Build.0 = Debug|Any CPU
		{8AA82185-7074-4079-91CB-058FDD2E63A2}.Debug|x86.ActiveCfg = Debug|Any CPU
		{8AA82185-7074-4079-91CB-058FDD2E63A2}.Debug|x86.Build.0 = Debug|Any CPU
		{8AA82185-7074-4079-91CB-058FDD2E63A2}.Release|Any CPU.ActiveCfg = Release|Any CPU
		{8AA82185-7074-4079-91CB-058FDD2E63A2}.Release|Any CPU.Build.0 = Release|Any CPU
		{8AA82185-7074-4079-91CB-058FDD2E63A2}.Release|x64.ActiveCfg = Release|Any CPU
		{8AA82185-7074-4079-91CB-058FDD2E63A2}.Release|x64.Build.0 = Release|Any CPU
		{8AA82185-7074-4079-91CB-058FDD2E63A2}.Release|x86.ActiveCfg = Release|Any CPU
		{8AA82185-7074-4079-91CB-058FDD2E63A2}.Release|x86.Build.0 = Release|Any CPU
		{45B32864-B3E8-442F-9654-957AD5713EB6}.Debug|Any CPU.ActiveCfg = Debug|Any CPU
		{45B32864-B3E8-442F-9654-957AD5713EB6}.Debug|Any CPU.Build.0 = Debug|Any CPU
		{45B32864-B3E8-442F-9654-957AD5713EB6}.Debug|x64.ActiveCfg = Debug|Any CPU
		{45B32864-B3E8-442F-9654-957AD5713EB6}.Debug|x64.Build.0 = Debug|Any CPU
		{45B32864-B3E8-442F-9654-957AD5713EB6}.Debug|x86.ActiveCfg = Debug|Any CPU
		{45B32864-B3E8-442F-9654-957AD5713EB6}.Debug|x86.Build.0 = Debug|Any CPU
		{45B32864-B3E8-442F-9654-957AD5713EB6}.Release|Any CPU.ActiveCfg = Release|Any CPU
		{45B32864-B3E8-442F-9654-957AD5713EB6}.Release|Any CPU.Build.0 = Release|Any CPU
		{45B32864-B3E8-442F-9654-957AD5713EB6}.Release|x64.ActiveCfg = Release|Any CPU
		{45B32864-B3E8-442F-9654-957AD5713EB6}.Release|x64.Build.0 = Release|Any CPU
		{45B32864-B3E8-442F-9654-957AD5713EB6}.Release|x86.ActiveCfg = Release|Any CPU
		{45B32864-B3E8-442F-9654-957AD5713EB6}.Release|x86.Build.0 = Release|Any CPU
		{25A1B344-3319-40CF-B23C-C70A86352AA8}.Debug|Any CPU.ActiveCfg = Debug|Any CPU
		{25A1B344-3319-40CF-B23C-C70A86352AA8}.Debug|Any CPU.Build.0 = Debug|Any CPU
		{25A1B344-3319-40CF-B23C-C70A86352AA8}.Debug|x64.ActiveCfg = Debug|Any CPU
		{25A1B344-3319-40CF-B23C-C70A86352AA8}.Debug|x64.Build.0 = Debug|Any CPU
		{25A1B344-3319-40CF-B23C-C70A86352AA8}.Debug|x86.ActiveCfg = Debug|Any CPU
		{25A1B344-3319-40CF-B23C-C70A86352AA8}.Debug|x86.Build.0 = Debug|Any CPU
		{25A1B344-3319-40CF-B23C-C70A86352AA8}.Release|Any CPU.ActiveCfg = Release|Any CPU
		{25A1B344-3319-40CF-B23C-C70A86352AA8}.Release|Any CPU.Build.0 = Release|Any CPU
		{25A1B344-3319-40CF-B23C-C70A86352AA8}.Release|x64.ActiveCfg = Release|Any CPU
		{25A1B344-3319-40CF-B23C-C70A86352AA8}.Release|x64.Build.0 = Release|Any CPU
		{25A1B344-3319-40CF-B23C-C70A86352AA8}.Release|x86.ActiveCfg = Release|Any CPU
		{25A1B344-3319-40CF-B23C-C70A86352AA8}.Release|x86.Build.0 = Release|Any CPU
		{1EA10DF7-4724-4664-8C15-BF4EF379FAEE}.Debug|Any CPU.ActiveCfg = Debug|Any CPU
		{1EA10DF7-4724-4664-8C15-BF4EF379FAEE}.Debug|Any CPU.Build.0 = Debug|Any CPU
		{1EA10DF7-4724-4664-8C15-BF4EF379FAEE}.Debug|x64.ActiveCfg = Debug|Any CPU
		{1EA10DF7-4724-4664-8C15-BF4EF379FAEE}.Debug|x64.Build.0 = Debug|Any CPU
		{1EA10DF7-4724-4664-8C15-BF4EF379FAEE}.Debug|x86.ActiveCfg = Debug|Any CPU
		{1EA10DF7-4724-4664-8C15-BF4EF379FAEE}.Debug|x86.Build.0 = Debug|Any CPU
		{1EA10DF7-4724-4664-8C15-BF4EF379FAEE}.Release|Any CPU.ActiveCfg = Release|Any CPU
		{1EA10DF7-4724-4664-8C15-BF4EF379FAEE}.Release|Any CPU.Build.0 = Release|Any CPU
		{1EA10DF7-4724-4664-8C15-BF4EF379FAEE}.Release|x64.ActiveCfg = Release|Any CPU
		{1EA10DF7-4724-4664-8C15-BF4EF379FAEE}.Release|x64.Build.0 = Release|Any CPU
		{1EA10DF7-4724-4664-8C15-BF4EF379FAEE}.Release|x86.ActiveCfg = Release|Any CPU
		{1EA10DF7-4724-4664-8C15-BF4EF379FAEE}.Release|x86.Build.0 = Release|Any CPU
		{B102E3D4-EF61-4AC8-97B9-BF97A485E829}.Debug|Any CPU.ActiveCfg = Debug|Any CPU
		{B102E3D4-EF61-4AC8-97B9-BF97A485E829}.Debug|Any CPU.Build.0 = Debug|Any CPU
		{B102E3D4-EF61-4AC8-97B9-BF97A485E829}.Debug|x64.ActiveCfg = Debug|Any CPU
		{B102E3D4-EF61-4AC8-97B9-BF97A485E829}.Debug|x64.Build.0 = Debug|Any CPU
		{B102E3D4-EF61-4AC8-97B9-BF97A485E829}.Debug|x86.ActiveCfg = Debug|Any CPU
		{B102E3D4-EF61-4AC8-97B9-BF97A485E829}.Debug|x86.Build.0 = Debug|Any CPU
		{B102E3D4-EF61-4AC8-97B9-BF97A485E829}.Release|Any CPU.ActiveCfg = Release|Any CPU
		{B102E3D4-EF61-4AC8-97B9-BF97A485E829}.Release|Any CPU.Build.0 = Release|Any CPU
		{B102E3D4-EF61-4AC8-97B9-BF97A485E829}.Release|x64.ActiveCfg = Release|Any CPU
		{B102E3D4-EF61-4AC8-97B9-BF97A485E829}.Release|x64.Build.0 = Release|Any CPU
		{B102E3D4-EF61-4AC8-97B9-BF97A485E829}.Release|x86.ActiveCfg = Release|Any CPU
		{B102E3D4-EF61-4AC8-97B9-BF97A485E829}.Release|x86.Build.0 = Release|Any CPU
		{0B6B6A51-D2F5-479E-A50B-B864CD4D14EE}.Debug|Any CPU.ActiveCfg = Debug|Any CPU
		{0B6B6A51-D2F5-479E-A50B-B864CD4D14EE}.Debug|Any CPU.Build.0 = Debug|Any CPU
		{0B6B6A51-D2F5-479E-A50B-B864CD4D14EE}.Debug|x64.ActiveCfg = Debug|Any CPU
		{0B6B6A51-D2F5-479E-A50B-B864CD4D14EE}.Debug|x64.Build.0 = Debug|Any CPU
		{0B6B6A51-D2F5-479E-A50B-B864CD4D14EE}.Debug|x86.ActiveCfg = Debug|Any CPU
		{0B6B6A51-D2F5-479E-A50B-B864CD4D14EE}.Debug|x86.Build.0 = Debug|Any CPU
		{0B6B6A51-D2F5-479E-A50B-B864CD4D14EE}.Release|Any CPU.ActiveCfg = Release|Any CPU
		{0B6B6A51-D2F5-479E-A50B-B864CD4D14EE}.Release|Any CPU.Build.0 = Release|Any CPU
		{0B6B6A51-D2F5-479E-A50B-B864CD4D14EE}.Release|x64.ActiveCfg = Release|Any CPU
		{0B6B6A51-D2F5-479E-A50B-B864CD4D14EE}.Release|x64.Build.0 = Release|Any CPU
		{0B6B6A51-D2F5-479E-A50B-B864CD4D14EE}.Release|x86.ActiveCfg = Release|Any CPU
		{0B6B6A51-D2F5-479E-A50B-B864CD4D14EE}.Release|x86.Build.0 = Release|Any CPU
	EndGlobalSection
	GlobalSection(SolutionProperties) = preSolution
		HideSolutionNode = FALSE
	EndGlobalSection
	GlobalSection(NestedProjects) = preSolution
		{8DADCB86-6F39-4967-A112-75A2AB7A5AD1} = {827E0CD3-B72D-47B6-A68D-7590B98EB39B}
		{FEC92F0C-A48E-4E4B-9DBB-67D7AED859B3} = {827E0CD3-B72D-47B6-A68D-7590B98EB39B}
		{840F7AFC-92DC-421F-A447-F5B9292DB9EA} = {827E0CD3-B72D-47B6-A68D-7590B98EB39B}
		{8AA82185-7074-4079-91CB-058FDD2E63A2} = {827E0CD3-B72D-47B6-A68D-7590B98EB39B}
		{45B32864-B3E8-442F-9654-957AD5713EB6} = {827E0CD3-B72D-47B6-A68D-7590B98EB39B}
		{25A1B344-3319-40CF-B23C-C70A86352AA8} = {827E0CD3-B72D-47B6-A68D-7590B98EB39B}
		{1EA10DF7-4724-4664-8C15-BF4EF379FAEE} = {0AB3BF05-4346-4AA6-1389-037BE0695223}
		{B102E3D4-EF61-4AC8-97B9-BF97A485E829} = {0AB3BF05-4346-4AA6-1389-037BE0695223}
		{0B6B6A51-D2F5-479E-A50B-B864CD4D14EE} = {0AB3BF05-4346-4AA6-1389-037BE0695223}
	EndGlobalSection
EndGlobal
